
Microsoft Visual Studio Solution File, Format Version 12.00
# Visual Studio Version 17
VisualStudioVersion = 17.3.32922.545
MinimumVisualStudioVersion = 10.0.40219.1
Project("{FAE04EC0-301F-11D3-BF4B-00C04F79EFBC}") = "AspProject", "AspProject\AspProject.csproj", "{310D693F-9463-4D90-A630-2AE669BE8ABE}"
EndProject
Global
	GlobalSection(SolutionConfigurationPlatforms) = preSolution
		Debug|Any CPU = Debug|Any CPU
		Release|Any CPU = Release|Any CPU
	EndGlobalSection
	GlobalSection(ProjectConfigurationPlatforms) = postSolution
		{310D693F-9463-4D90-A630-2AE669BE8ABE}.Debug|Any CPU.ActiveCfg = Debug|Any CPU
		{310D693F-9463-4D90-A630-2AE669BE8ABE}.Debug|Any CPU.Build.0 = Debug|Any CPU
		{310D693F-9463-4D90-A630-2AE669BE8ABE}.Release|Any CPU.ActiveCfg = Release|Any CPU
		{310D693F-9463-4D90-A630-2AE669BE8ABE}.Release|Any CPU.Build.0 = Release|Any CPU
	EndGlobalSection
	GlobalSection(SolutionProperties) = preSolution
		HideSolutionNode = FALSE
	EndGlobalSection
	GlobalSection(ExtensibilityGlobals) = postSolution
		SolutionGuid = {4BCD94EA-BAB3-4C78-80E2-421F12F4DE18}
	EndGlobalSection
EndGlobal
